# This file is automatically generated by uv
# To regenerate, run: uv lock

version = 1
requires-python = ">=3.11"

[[package]]
name = "pydantic"
version = "2.5.0"

[[package]]
name = "fastapi"
version = "0.104.1"

[[package]]
name = "uvicorn"
version = "0.24.0"

[[package]]
name = "httpx"
version = "0.25.0"

[[package]]
name = "pytest"
version = "7.4.3"

[[package]]
name = "pytest-asyncio"
version = "0.21.1"
